
Microsoft Visual Studio Solution File, Format Version 12.00
# Visual Studio 2013
VisualStudioVersion = 12.0.40629.0
MinimumVisualStudioVersion = 10.0.40219.1
Project("{FAE04EC0-301F-11D3-BF4B-00C04F79EFBC}") = "ErrorLogging", "ErrorLogging\ErrorLogging.csproj", "{3C925CA6-26FF-441F-8E86-B8416FEDD7FD}"
EndProject
Project("{FAE04EC0-301F-11D3-BF4B-00C04F79EFBC}") = "EventSourceUtil", "EventSourceUtil\EventSourceUtil.csproj", "{57FB7982-084F-44A0-A14A-949B81B7C48B}"
EndProject
Global
	GlobalSection(SolutionConfigurationPlatforms) = preSolution
		Debug|Any CPU = Debug|Any CPU
		Release|Any CPU = Release|Any CPU
	EndGlobalSection
	GlobalSection(ProjectConfigurationPlatforms) = postSolution
		{3C925CA6-26FF-441F-8E86-B8416FEDD7FD}.Debug|Any CPU.ActiveCfg = Debug|Any CPU
		{3C925CA6-26FF-441F-8E86-B8416FEDD7FD}.Debug|Any CPU.Build.0 = Debug|Any CPU
		{3C925CA6-26FF-441F-8E86-B8416FEDD7FD}.Release|Any CPU.ActiveCfg = Release|Any CPU
		{3C925CA6-26FF-441F-8E86-B8416FEDD7FD}.Release|Any CPU.Build.0 = Release|Any CPU
		{57FB7982-084F-44A0-A14A-949B81B7C48B}.Debug|Any CPU.ActiveCfg = Debug|Any CPU
		{57FB7982-084F-44A0-A14A-949B81B7C48B}.Debug|Any CPU.Build.0 = Debug|Any CPU
		{57FB7982-084F-44A0-A14A-949B81B7C48B}.Release|Any CPU.ActiveCfg = Release|Any CPU
		{57FB7982-084F-44A0-A14A-949B81B7C48B}.Release|Any CPU.Build.0 = Release|Any CPU
	EndGlobalSection
	GlobalSection(SolutionProperties) = preSolution
		HideSolutionNode = FALSE
	EndGlobalSection
EndGlobal
